schema: '2.0'
stages:
  dataset:
    cmd: python3 mlflow/dataset.py
    deps:
    - path: data/raw
      hash: md5
      md5: 6eaa29480b40110a6a6fcaa6659e6230.dir
      size: 11255
      nfiles: 3
    - path: mlflow/dataset.py
      hash: md5
      md5: 222db1deea583e5119e90a8a677dccae
      size: 873
    params:
      params.yaml:
        dataset.split: 0.3
    outs:
    - path: data/interim
      hash: md5
      md5: 1bfd3b7a711f99004bb2157d3c16e8ea.dir
      size: 5172
      nfiles: 2
  features:
    cmd: python3 mlflow/features.py
    deps:
    - path: data/interim
      hash: md5
      md5: 1bfd3b7a711f99004bb2157d3c16e8ea.dir
      size: 5172
      nfiles: 2
    - path: mlflow/features.py
      hash: md5
      md5: d5c0e97a8ca1b213ff777db68638057b
      size: 731
    outs:
    - path: data/processed
      hash: md5
      md5: 77a35aee1e8aaf8a3f91db4168f17113.dir
      size: 2304
      nfiles: 1
  train:
    cmd: python3 mlflow/modeling/train.py best_model-1
    deps:
    - path: data/processed
      hash: md5
      md5: 77a35aee1e8aaf8a3f91db4168f17113.dir
      size: 2304
      nfiles: 1
    - path: mlflow/modeling/train.py
      hash: md5
      md5: 34f9bc154d51bc19add9a00769a2a67e
      size: 4412
    outs:
    - path: models
      hash: md5
      md5: 7119cfd6ca54745cf5c565b02afc0b5a.dir
      size: 21953
      nfiles: 1
  plots:
    cmd: python3 mlflow/plots.py
    deps:
    - path: data/interim
      hash: md5
      md5: 1bfd3b7a711f99004bb2157d3c16e8ea.dir
      size: 5172
      nfiles: 2
    - path: mlflow/plots.py
      hash: md5
      md5: d483b8f5dc17616011de0028cbb4678f
      size: 1564
    - path: models
      hash: md5
      md5: 7119cfd6ca54745cf5c565b02afc0b5a.dir
      size: 21953
      nfiles: 1
    outs:
    - path: reports/figures
      hash: md5
      md5: 9e475cf2d6360aa96bd57f26e2ad8151.dir
      size: 14262
      nfiles: 1
